
Microsoft Visual Studio Solution File, Format Version 12.00
# Visual Studio 2013
VisualStudioVersion = 12.0.40629.0
MinimumVisualStudioVersion = 10.0.40219.1
Project("{FAE04EC0-301F-11D3-BF4B-00C04F79EFBC}") = "WFAlista2", "WFAlista2\WFAlista2.csproj", "{52F216F7-9AB4-4DC5-94A0-83955FADE81B}"
EndProject
Global
	GlobalSection(SolutionConfigurationPlatforms) = preSolution
		Debug|Any CPU = Debug|Any CPU
		Release|Any CPU = Release|Any CPU
	EndGlobalSection
	GlobalSection(ProjectConfigurationPlatforms) = postSolution
		{52F216F7-9AB4-4DC5-94A0-83955FADE81B}.Debug|Any CPU.ActiveCfg = Debug|Any CPU
		{52F216F7-9AB4-4DC5-94A0-83955FADE81B}.Debug|Any CPU.Build.0 = Debug|Any CPU
		{52F216F7-9AB4-4DC5-94A0-83955FADE81B}.Release|Any CPU.ActiveCfg = Release|Any CPU
		{52F216F7-9AB4-4DC5-94A0-83955FADE81B}.Release|Any CPU.Build.0 = Release|Any CPU
	EndGlobalSection
	GlobalSection(SolutionProperties) = preSolution
		HideSolutionNode = FALSE
	EndGlobalSection
EndGlobal
